// !$*UTF8*$!
{
	archiveVersion = 1;
	classes = {
	};
	objectVersion = 46;
	objects = {

/* Begin PBXBuildFile section */
		3B626DCF1C62749E00770EF5 /* AppDelegate.swift in Sources */ = {isa = PBXBuildFile; fileRef = 3B626DCE1C62749E00770EF5 /* AppDelegate.swift */; };
		3B626DD11C62749E00770EF5 /* ViewController.swift in Sources */ = {isa = PBXBuildFile; fileRef = 3B626DD01C62749E00770EF5 /* ViewController.swift */; };
		3B626DD41C62749E00770EF5 /* Main.storyboard in Resources */ = {isa = PBXBuildFile; fileRef = 3B626DD21C62749E00770EF5 /* Main.storyboard */; };
		3B626DD71C62749E00770EF5 /* Ouath_Login.xcdatamodeld in Sources */ = {isa = PBXBuildFile; fileRef = 3B626DD51C62749E00770EF5 /* Ouath_Login.xcdatamodeld */; };
		3B626DD91C62749E00770EF5 /* Assets.xcassets in Resources */ = {isa = PBXBuildFile; fileRef = 3B626DD81C62749E00770EF5 /* Assets.xcassets */; };
		3B626DDC1C62749E00770EF5 /* LaunchScreen.storyboard in Resources */ = {isa = PBXBuildFile; fileRef = 3B626DDA1C62749E00770EF5 /* LaunchScreen.storyboard */; };
		3B626DE71C62749E00770EF5 /* Ouath_LoginTests.swift in Sources */ = {isa = PBXBuildFile; fileRef = 3B626DE61C62749E00770EF5 /* Ouath_LoginTests.swift */; };
		3B626DF21C62749E00770EF5 /* Ouath_LoginUITests.swift in Sources */ = {isa = PBXBuildFile; fileRef = 3B626DF11C62749E00770EF5 /* Ouath_LoginUITests.swift */; };
		3B626E0A1C6297A900770EF5 /* MaterialView.swift in Sources */ = {isa = PBXBuildFile; fileRef = 3B626E091C6297A900770EF5 /* MaterialView.swift */; };
		3B626E0D1C6297E800770EF5 /* Constants.swift in Sources */ = {isa = PBXBuildFile; fileRef = 3B626E0C1C6297E800770EF5 /* Constants.swift */; };
		3B626E0F1C62A3A800770EF5 /* ButtonView.swift in Sources */ = {isa = PBXBuildFile; fileRef = 3B626E0E1C62A3A800770EF5 /* ButtonView.swift */; };
		3B626E111C62AC7900770EF5 /* MaterialTextField.swift in Sources */ = {isa = PBXBuildFile; fileRef = 3B626E101C62AC7900770EF5 /* MaterialTextField.swift */; };
/* End PBXBuildFile section */

/* Begin PBXContainerItemProxy section */
		3B626DE31C62749E00770EF5 /* PBXContainerItemProxy */ = {
			isa = PBXContainerItemProxy;
			containerPortal = 3B626DC31C62749E00770EF5 /* Project object */;
			proxyType = 1;
			remoteGlobalIDString = 3B626DCA1C62749E00770EF5;
			remoteInfo = "Ouath Login";
		};
		3B626DEE1C62749E00770EF5 /* PBXContainerItemProxy */ = {
			isa = PBXContainerItemProxy;
			containerPortal = 3B626DC31C62749E00770EF5 /* Project object */;
			proxyType = 1;
			remoteGlobalIDString = 3B626DCA1C62749E00770EF5;
			remoteInfo = "Ouath Login";
		};
/* End PBXContainerItemProxy section */

/* Begin PBXFileReference section */
		3B626DCB1C62749E00770EF5 /* Ouath Login.app */ = {isa = PBXFileReference; explicitFileType = wrapper.application; includeInIndex = 0; path = "Ouath Login.app"; sourceTree = BUILT_PRODUCTS_DIR; };
		3B626DCE1C62749E00770EF5 /* AppDelegate.swift */ = {isa = PBXFileReference; lastKnownFileType = sourcecode.swift; path = AppDelegate.swift; sourceTree = "<group>"; };
		3B626DD01C62749E00770EF5 /* ViewController.swift */ = {isa = PBXFileReference; lastKnownFileType = sourcecode.swift; path = ViewController.swift; sourceTree = "<group>"; };
		3B626DD31C62749E00770EF5 /* Base */ = {isa = PBXFileReference; lastKnownFileType = file.storyboard; name = Base; path = Base.lproj/Main.storyboard; sourceTree = "<group>"; };
		3B626DD61C62749E00770EF5 /* Ouath_Login.xcdatamodel */ = {isa = PBXFileReference; lastKnownFileType = wrapper.xcdatamodel; path = Ouath_Login.xcdatamodel; sourceTree = "<group>"; };
		3B626DD81C62749E00770EF5 /* Assets.xcassets */ = {isa = PBXFileReference; lastKnownFileType = folder.assetcatalog; path = Assets.xcassets; sourceTree = "<group>"; };
		3B626DDB1C62749E00770EF5 /* Base */ = {isa = PBXFileReference; lastKnownFileType = file.storyboard; name = Base; path = Base.lproj/LaunchScreen.storyboard; sourceTree = "<group>"; };
		3B626DDD1C62749E00770EF5 /* Info.plist */ = {isa = PBXFileReference; lastKnownFileType = text.plist.xml; path = Info.plist; sourceTree = "<group>"; };
		3B626DE21C62749E00770EF5 /* Ouath LoginTests.xctest */ = {isa = PBXFileReference; explicitFileType = wrapper.cfbundle; includeInIndex = 0; path = "Ouath LoginTests.xctest"; sourceTree = BUILT_PRODUCTS_DIR; };
		3B626DE61C62749E00770EF5 /* Ouath_LoginTests.swift */ = {isa = PBXFileReference; lastKnownFileType = sourcecode.swift; path = Ouath_LoginTests.swift; sourceTree = "<group>"; };
		3B626DE81C62749E00770EF5 /* Info.plist */ = {isa = PBXFileReference; lastKnownFileType = text.plist.xml; path = Info.plist; sourceTree = "<group>"; };
		3B626DED1C62749E00770EF5 /* Ouath LoginUITests.xctest */ = {isa = PBXFileReference; explicitFileType = wrapper.cfbundle; includeInIndex = 0; path = "Ouath LoginUITests.xctest"; sourceTree = BUILT_PRODUCTS_DIR; };
		3B626DF11C62749E00770EF5 /* Ouath_LoginUITests.swift */ = {isa = PBXFileReference; lastKnownFileType = sourcecode.swift; path = Ouath_LoginUITests.swift; sourceTree = "<group>"; };
		3B626DF31C62749E00770EF5 /* Info.plist */ = {isa = PBXFileReference; lastKnownFileType = text.plist.xml; path = Info.plist; sourceTree = "<group>"; };
		3B626E021C6274F500770EF5 /* NotoSans-Bold.ttf */ = {isa = PBXFileReference; lastKnownFileType = file; name = "NotoSans-Bold.ttf"; path = "../../NotoSans-unhinted/NotoSans-Bold.ttf"; sourceTree = "<group>"; };
		3B626E031C6274F500770EF5 /* NotoSans-BoldItalic.ttf */ = {isa = PBXFileReference; lastKnownFileType = file; name = "NotoSans-BoldItalic.ttf"; path = "../../NotoSans-unhinted/NotoSans-BoldItalic.ttf"; sourceTree = "<group>"; };
		3B626E041C6274F500770EF5 /* NotoSans-Italic.ttf */ = {isa = PBXFileReference; lastKnownFileType = file; name = "NotoSans-Italic.ttf"; path = "../../NotoSans-unhinted/NotoSans-Italic.ttf"; sourceTree = "<group>"; };
		3B626E051C6274F500770EF5 /* NotoSans-Regular.ttf */ = {isa = PBXFileReference; lastKnownFileType = file; name = "NotoSans-Regular.ttf"; path = "../../NotoSans-unhinted/NotoSans-Regular.ttf"; sourceTree = "<group>"; };
		3B626E091C6297A900770EF5 /* MaterialView.swift */ = {isa = PBXFileReference; fileEncoding = 4; lastKnownFileType = sourcecode.swift; path = MaterialView.swift; sourceTree = "<group>"; };
		3B626E0C1C6297E800770EF5 /* Constants.swift */ = {isa = PBXFileReference; fileEncoding = 4; lastKnownFileType = sourcecode.swift; path = Constants.swift; sourceTree = "<group>"; };
		3B626E0E1C62A3A800770EF5 /* ButtonView.swift */ = {isa = PBXFileReference; fileEncoding = 4; lastKnownFileType = sourcecode.swift; path = ButtonView.swift; sourceTree = "<group>"; };
		3B626E101C62AC7900770EF5 /* MaterialTextField.swift */ = {isa = PBXFileReference; fileEncoding = 4; lastKnownFileType = sourcecode.swift; path = MaterialTextField.swift; sourceTree = "<group>"; };
/* End PBXFileReference section */

/* Begin PBXFrameworksBuildPhase section */
		3B626DC81C62749E00770EF5 /* Frameworks */ = {
			isa = PBXFrameworksBuildPhase;
			buildActionMask = 2147483647;
			files = (
			);
			runOnlyForDeploymentPostprocessing = 0;
		};
		3B626DDF1C62749E00770EF5 /* Frameworks */ = {
			isa = PBXFrameworksBuildPhase;
			buildActionMask = 2147483647;
			files = (
			);
			runOnlyForDeploymentPostprocessing = 0;
		};
		3B626DEA1C62749E00770EF5 /* Frameworks */ = {
			isa = PBXFrameworksBuildPhase;
			buildActionMask = 2147483647;
			files = (
			);
			runOnlyForDeploymentPostprocessing = 0;
		};
/* End PBXFrameworksBuildPhase section */

/* Begin PBXGroup section */
		3B626DC21C62749E00770EF5 = {
			isa = PBXGroup;
			children = (
				3B626DCD1C62749E00770EF5 /* Ouath Login */,
				3B626DE51C62749E00770EF5 /* Ouath LoginTests */,
				3B626DF01C62749E00770EF5 /* Ouath LoginUITests */,
				3B626DCC1C62749E00770EF5 /* Products */,
			);
			sourceTree = "<group>";
		};
		3B626DCC1C62749E00770EF5 /* Products */ = {
			isa = PBXGroup;
			children = (
				3B626DCB1C62749E00770EF5 /* Ouath Login.app */,
				3B626DE21C62749E00770EF5 /* Ouath LoginTests.xctest */,
				3B626DED1C62749E00770EF5 /* Ouath LoginUITests.xctest */,
			);
			name = Products;
			sourceTree = "<group>";
		};
		3B626DCD1C62749E00770EF5 /* Ouath Login */ = {
			isa = PBXGroup;
			children = (
				3B626E0B1C6297CD00770EF5 /* Util */,
				3B626E061C62973A00770EF5 /* View */,
				3B626E011C6274C100770EF5 /* Resources */,
				3B626E001C6274BC00770EF5 /* Model */,
				3B626DFF1C6274B600770EF5 /* Controller */,
				3B626DCE1C62749E00770EF5 /* AppDelegate.swift */,
				3B626DD01C62749E00770EF5 /* ViewController.swift */,
				3B626DD21C62749E00770EF5 /* Main.storyboard */,
				3B626DD81C62749E00770EF5 /* Assets.xcassets */,
				3B626DDA1C62749E00770EF5 /* LaunchScreen.storyboard */,
				3B626DDD1C62749E00770EF5 /* Info.plist */,
				3B626DD51C62749E00770EF5 /* Ouath_Login.xcdatamodeld */,
			);
			path = "Ouath Login";
			sourceTree = "<group>";
		};
		3B626DE51C62749E00770EF5 /* Ouath LoginTests */ = {
			isa = PBXGroup;
			children = (
				3B626DE61C62749E00770EF5 /* Ouath_LoginTests.swift */,
				3B626DE81C62749E00770EF5 /* Info.plist */,
			);
			path = "Ouath LoginTests";
			sourceTree = "<group>";
		};
		3B626DF01C62749E00770EF5 /* Ouath LoginUITests */ = {
			isa = PBXGroup;
			children = (
				3B626DF11C62749E00770EF5 /* Ouath_LoginUITests.swift */,
				3B626DF31C62749E00770EF5 /* Info.plist */,
			);
			path = "Ouath LoginUITests";
			sourceTree = "<group>";
		};
		3B626DFF1C6274B600770EF5 /* Controller */ = {
			isa = PBXGroup;
			children = (
			);
			name = Controller;
			sourceTree = "<group>";
		};
		3B626E001C6274BC00770EF5 /* Model */ = {
			isa = PBXGroup;
			children = (
			);
			name = Model;
			sourceTree = "<group>";
		};
		3B626E011C6274C100770EF5 /* Resources */ = {
			isa = PBXGroup;
			children = (
				3B626E051C6274F500770EF5 /* NotoSans-Regular.ttf */,
				3B626E041C6274F500770EF5 /* NotoSans-Italic.ttf */,
				3B626E031C6274F500770EF5 /* NotoSans-BoldItalic.ttf */,
				3B626E021C6274F500770EF5 /* NotoSans-Bold.ttf */,
			);
			name = Resources;
			sourceTree = "<group>";
		};
		3B626E061C62973A00770EF5 /* View */ = {
			isa = PBXGroup;
			children = (
				3B626E091C6297A900770EF5 /* MaterialView.swift */,
				3B626E0E1C62A3A800770EF5 /* ButtonView.swift */,
				3B626E101C62AC7900770EF5 /* MaterialTextField.swift */,
			);
			name = View;
			sourceTree = "<group>";
		};
		3B626E0B1C6297CD00770EF5 /* Util */ = {
			isa = PBXGroup;
			children = (
				3B626E0C1C6297E800770EF5 /* Constants.swift */,
			);
			name = Util;
			sourceTree = "<group>";
		};
/* End PBXGroup section */

/* Begin PBXNativeTarget section */
		3B626DCA1C62749E00770EF5 /* Ouath Login */ = {
			isa = PBXNativeTarget;
			buildConfigurationList = 3B626DF61C62749E00770EF5 /* Build configuration list for PBXNativeTarget "Ouath Login" */;
			buildPhases = (
				3B626DC71C62749E00770EF5 /* Sources */,
				3B626DC81C62749E00770EF5 /* Frameworks */,
				3B626DC91C62749E00770EF5 /* Resources */,
			);
			buildRules = (
			);
			dependencies = (
			);
			name = "Ouath Login";
			productName = "Ouath Login";
			productReference = 3B626DCB1C62749E00770EF5 /* Ouath Login.app */;
			productType = "com.apple.product-type.application";
		};
		3B626DE11C62749E00770EF5 /* Ouath LoginTests */ = {
			isa = PBXNativeTarget;
			buildConfigurationList = 3B626DF91C62749E00770EF5 /* Build configuration list for PBXNativeTarget "Ouath LoginTests" */;
			buildPhases = (
				3B626DDE1C62749E00770EF5 /* Sources */,
				3B626DDF1C62749E00770EF5 /* Frameworks */,
				3B626DE01C62749E00770EF5 /* Resources */,
			);
			buildRules = (
			);
			dependencies = (
				3B626DE41C62749E00770EF5 /* PBXTargetDependency */,
			);
			name = "Ouath LoginTests";
			productName = "Ouath LoginTests";
			productReference = 3B626DE21C62749E00770EF5 /* Ouath LoginTests.xctest */;
			productType = "com.apple.product-type.bundle.unit-test";
		};
		3B626DEC1C62749E00770EF5 /* Ouath LoginUITests */ = {
			isa = PBXNativeTarget;
			buildConfigurationList = 3B626DFC1C62749E00770EF5 /* Build configuration list for PBXNativeTarget "Ouath LoginUITests" */;
			buildPhases = (
				3B626DE91C62749E00770EF5 /* Sources */,
				3B626DEA1C62749E00770EF5 /* Frameworks */,
				3B626DEB1C62749E00770EF5 /* Resources */,
			);
			buildRules = (
			);
			dependencies = (
				3B626DEF1C62749E00770EF5 /* PBXTargetDependency */,
			);
			name = "Ouath LoginUITests";
			productName = "Ouath LoginUITests";
			productReference = 3B626DED1C62749E00770EF5 /* Ouath LoginUITests.xctest */;
			productType = "com.apple.product-type.bundle.ui-testing";
		};
/* End PBXNativeTarget section */

/* Begin PBXProject section */
		3B626DC31C62749E00770EF5 /* Project object */ = {
			isa = PBXProject;
			attributes = {
				LastSwiftUpdateCheck = 0720;
				LastUpgradeCheck = 0720;
				ORGANIZATIONNAME = codecoop;
				TargetAttributes = {
					3B626DCA1C62749E00770EF5 = {
						CreatedOnToolsVersion = 7.2;
					};
					3B626DE11C62749E00770EF5 = {
						CreatedOnToolsVersion = 7.2;
						TestTargetID = 3B626DCA1C62749E00770EF5;
					};
					3B626DEC1C62749E00770EF5 = {
						CreatedOnToolsVersion = 7.2;
						TestTargetID = 3B626DCA1C62749E00770EF5;
					};
				};
			};
			buildConfigurationList = 3B626DC61C62749E00770EF5 /* Build configuration list for PBXProject "Ouath Login" */;
			compatibilityVersion = "Xcode 3.2";
			developmentRegion = English;
			hasScannedForEncodings = 0;
			knownRegions = (
				en,
				Base,
			);
			mainGroup = 3B626DC21C62749E00770EF5;
			productRefGroup = 3B626DCC1C62749E00770EF5 /* Products */;
			projectDirPath = "";
			projectRoot = "";
			targets = (
				3B626DCA1C62749E00770EF5 /* Ouath Login */,
				3B626DE11C62749E00770EF5 /* Ouath LoginTests */,
				3B626DEC1C62749E00770EF5 /* Ouath LoginUITests */,
			);
		};
/* End PBXProject section */

/* Begin PBXResourcesBuildPhase section */
		3B626DC91C62749E00770EF5 /* Resources */ = {
			isa = PBXResourcesBuildPhase;
			buildActionMask = 2147483647;
			files = (
				3B626DDC1C62749E00770EF5 /* LaunchScreen.storyboard in Resources */,
				3B626DD91C62749E00770EF5 /* Assets.xcassets in Resources */,
				3B626DD41C62749E00770EF5 /* Main.storyboard in Resources */,
			);
			runOnlyForDeploymentPostprocessing = 0;
		};
		3B626DE01C62749E00770EF5 /* Resources */ = {
			isa = PBXResourcesBuildPhase;
			buildActionMask = 2147483647;
			files = (
			);
			runOnlyForDeploymentPostprocessing = 0;
		};
		3B626DEB1C62749E00770EF5 /* Resources */ = {
			isa = PBXResourcesBuildPhase;
			buildActionMask = 2147483647;
			files = (
			);
			runOnlyForDeploymentPostprocessing = 0;
		};
/* End PBXResourcesBuildPhase section */

/* Begin PBXSourcesBuildPhase section */
		3B626DC71C62749E00770EF5 /* Sources */ = {
			isa = PBXSourcesBuildPhase;
			buildActionMask = 2147483647;
			files = (
				3B626E0D1C6297E800770EF5 /* Constants.swift in Sources */,
				3B626DD71C62749E00770EF5 /* Ouath_Login.xcdatamodeld in Sources */,
				3B626E0F1C62A3A800770EF5 /* ButtonView.swift in Sources */,
				3B626DD11C62749E00770EF5 /* ViewController.swift in Sources */,
				3B626DCF1C62749E00770EF5 /* AppDelegate.swift in Sources */,
				3B626E0A1C6297A900770EF5 /* MaterialView.swift in Sources */,
				3B626E111C62AC7900770EF5 /* MaterialTextField.swift in Sources */,
			);
			runOnlyForDeploymentPostprocessing = 0;
		};
		3B626DDE1C62749E00770EF5 /* Sources */ = {
			isa = PBXSourcesBuildPhase;
			buildActionMask = 2147483647;
			files = (
				3B626DE71C62749E00770EF5 /* Ouath_LoginTests.swift in Sources */,
			);
			runOnlyForDeploymentPostprocessing = 0;
		};
		3B626DE91C62749E00770EF5 /* Sources */ = {
			isa = PBXSourcesBuildPhase;
			buildActionMask = 2147483647;
			files = (
				3B626DF21C62749E00770EF5 /* Ouath_LoginUITests.swift in Sources */,
			);
			runOnlyForDeploymentPostprocessing = 0;
		};
/* End PBXSourcesBuildPhase section */

/* Begin PBXTargetDependency section */
		3B626DE41C62749E00770EF5 /* PBXTargetDependency */ = {
			isa = PBXTargetDependency;
			target = 3B626DCA1C62749E00770EF5 /* Ouath Login */;
			targetProxy = 3B626DE31C62749E00770EF5 /* PBXContainerItemProxy */;
		};
		3B626DEF1C62749E00770EF5 /* PBXTargetDependency */ = {
			isa = PBXTargetDependency;
			target = 3B626DCA1C62749E00770EF5 /* Ouath Login */;
			targetProxy = 3B626DEE1C62749E00770EF5 /* PBXContainerItemProxy */;
		};
/* End PBXTargetDependency section */

/* Begin PBXVariantGroup section */
		3B626DD21C62749E00770EF5 /* Main.storyboard */ = {
			isa = PBXVariantGroup;
			children = (
				3B626DD31C62749E00770EF5 /* Base */,
			);
			name = Main.storyboard;
			sourceTree = "<group>";
		};
		3B626DDA1C62749E00770EF5 /* LaunchScreen.storyboard */ = {
			isa = PBXVariantGroup;
			children = (
				3B626DDB1C62749E00770EF5 /* Base */,
			);
			name = LaunchScreen.storyboard;
			sourceTree = "<group>";
		};
/* End PBXVariantGroup section */

/* Begin XCBuildConfiguration section */
		3B626DF41C62749E00770EF5 /* Debug */ = {
			isa = XCBuildConfiguration;
			buildSettings = {
				ALWAYS_SEARCH_USER_PATHS = NO;
				CLANG_CXX_LANGUAGE_STANDARD = "gnu++0x";
				CLANG_CXX_LIBRARY = "libc++";
				CLANG_ENABLE_MODULES = YES;
				CLANG_ENABLE_OBJC_ARC = YES;
				CLANG_WARN_BOOL_CONVERSION = YES;
				CLANG_WARN_CONSTANT_CONVERSION = YES;
				CLANG_WARN_DIRECT_OBJC_ISA_USAGE = YES_ERROR;
				CLANG_WARN_EMPTY_BODY = YES;
				CLANG_WARN_ENUM_CONVERSION = YES;
				CLANG_WARN_INT_CONVERSION = YES;
				CLANG_WARN_OBJC_ROOT_CLASS = YES_ERROR;
				CLANG_WARN_UNREACHABLE_CODE = YES;
				CLANG_WARN__DUPLICATE_METHOD_MATCH = YES;
				"CODE_SIGN_IDENTITY[sdk=iphoneos*]" = "iPhone Developer";
				COPY_PHASE_STRIP = NO;
				DEBUG_INFORMATION_FORMAT = dwarf;
				ENABLE_STRICT_OBJC_MSGSEND = YES;
				ENABLE_TESTABILITY = YES;
				GCC_C_LANGUAGE_STANDARD = gnu99;
				GCC_DYNAMIC_NO_PIC = NO;
				GCC_NO_COMMON_BLOCKS = YES;
				GCC_OPTIMIZATION_LEVEL = 0;
				GCC_PREPROCESSOR_DEFINITIONS = (
					"DEBUG=1",
					"$(inherited)",
				);
				GCC_WARN_64_TO_32_BIT_CONVERSION = YES;
				GCC_WARN_ABOUT_RETURN_TYPE = YES_ERROR;
				GCC_WARN_UNDECLARED_SELECTOR = YES;
				GCC_WARN_UNINITIALIZED_AUTOS = YES_AGGRESSIVE;
				GCC_WARN_UNUSED_FUNCTION = YES;
				GCC_WARN_UNUSED_VARIABLE = YES;
				IPHONEOS_DEPLOYMENT_TARGET = 9.2;
				MTL_ENABLE_DEBUG_INFO = YES;
				ONLY_ACTIVE_ARCH = YES;
				SDKROOT = iphoneos;
				SWIFT_OPTIMIZATION_LEVEL = "-Onone";
				TARGETED_DEVICE_FAMILY = "1,2";
			};
			name = Debug;
		};
		3B626DF51C62749E00770EF5 /* Release */ = {
			isa = XCBuildConfiguration;
			buildSettings = {
				ALWAYS_SEARCH_USER_PATHS = NO;
				CLANG_CXX_LANGUAGE_STANDARD = "gnu++0x";
				CLANG_CXX_LIBRARY = "libc++";
				CLANG_ENABLE_MODULES = YES;
				CLANG_ENABLE_OBJC_ARC = YES;
				CLANG_WARN_BOOL_CONVERSION = YES;
				CLANG_WARN_CONSTANT_CONVERSION = YES;
				CLANG_WARN_DIRECT_OBJC_ISA_USAGE = YES_ERROR;
				CLANG_WARN_EMPTY_BODY = YES;
				CLANG_WARN_ENUM_CONVERSION = YES;
				CLANG_WARN_INT_CONVERSION = YES;
				CLANG_WARN_OBJC_ROOT_CLASS = YES_ERROR;
				CLANG_WARN_UNREACHABLE_CODE = YES;
				CLANG_WARN__DUPLICATE_METHOD_MATCH = YES;
				"CODE_SIGN_IDENTITY[sdk=iphoneos*]" = "iPhone Developer";
				COPY_PHASE_STRIP = NO;
				DEBUG_INFORMATION_FORMAT = "dwarf-with-dsym";
				ENABLE_NS_ASSERTIONS = NO;
				ENABLE_STRICT_OBJC_MSGSEND = YES;
				GCC_C_LANGUAGE_STANDARD = gnu99;
				GCC_NO_COMMON_BLOCKS = YES;
				GCC_WARN_64_TO_32_BIT_CONVERSION = YES;
				GCC_WARN_ABOUT_RETURN_TYPE = YES_ERROR;
				GCC_WARN_UNDECLARED_SELECTOR = YES;
				GCC_WARN_UNINITIALIZED_AUTOS = YES_AGGRESSIVE;
				GCC_WARN_UNUSED_FUNCTION = YES;
				GCC_WARN_UNUSED_VARIABLE = YES;
				IPHONEOS_DEPLOYMENT_TARGET = 9.2;
				MTL_ENABLE_DEBUG_INFO = NO;
				SDKROOT = iphoneos;
				TARGETED_DEVICE_FAMILY = "1,2";
				VALIDATE_PRODUCT = YES;
			};
			name = Release;
		};
		3B626DF71C62749E00770EF5 /* Debug */ = {
			isa = XCBuildConfiguration;
			buildSettings = {
				ASSETCATALOG_COMPILER_APPICON_NAME = AppIcon;
				INFOPLIST_FILE = "Ouath Login/Info.plist";
				LD_RUNPATH_SEARCH_PATHS = "$(inherited) @executable_path/Frameworks";
				PRODUCT_BUNDLE_IDENTIFIER = "net.codecoop.Ouath-Login";
				PRODUCT_NAME = "$(TARGET_NAME)";
			};
			name = Debug;
		};
		3B626DF81C62749E00770EF5 /* Release */ = {
			isa = XCBuildConfiguration;
			buildSettings = {
				ASSETCATALOG_COMPILER_APPICON_NAME = AppIcon;
				INFOPLIST_FILE = "Ouath Login/Info.plist";
				LD_RUNPATH_SEARCH_PATHS = "$(inherited) @executable_path/Frameworks";
				PRODUCT_BUNDLE_IDENTIFIER = "net.codecoop.Ouath-Login";
				PRODUCT_NAME = "$(TARGET_NAME)";
			};
			name = Release;
		};
		3B626DFA1C62749E00770EF5 /* Debug */ = {
			isa = XCBuildConfiguration;
			buildSettings = {
				BUNDLE_LOADER = "$(TEST_HOST)";
				INFOPLIST_FILE = "Ouath LoginTests/Info.plist";
				LD_RUNPATH_SEARCH_PATHS = "$(inherited) @executable_path/Frameworks @loader_path/Frameworks";
				PRODUCT_BUNDLE_IDENTIFIER = "net.codecoop.Ouath-LoginTests";
				PRODUCT_NAME = "$(TARGET_NAME)";
				TEST_HOST = "$(BUILT_PRODUCTS_DIR)/Ouath Login.app/Ouath Login";
			};
			name = Debug;
		};
		3B626DFB1C62749E00770EF5 /* Release */ = {
			isa = XCBuildConfiguration;
			buildSettings = {
				BUNDLE_LOADER = "$(TEST_HOST)";
				INFOPLIST_FILE = "Ouath LoginTests/Info.plist";
				LD_RUNPATH_SEARCH_PATHS = "$(inherited) @executable_path/Frameworks @loader_path/Frameworks";
				PRODUCT_BUNDLE_IDENTIFIER = "net.codecoop.Ouath-LoginTests";
				PRODUCT_NAME = "$(TARGET_NAME)";
				TEST_HOST = "$(BUILT_PRODUCTS_DIR)/Ouath Login.app/Ouath Login";
			};
			name = Release;
		};
		3B626DFD1C62749E00770EF5 /* Debug */ = {
			isa = XCBuildConfiguration;
			buildSettings = {
				INFOPLIST_FILE = "Ouath LoginUITests/Info.plist";
				LD_RUNPATH_SEARCH_PATHS = "$(inherited) @executable_path/Frameworks @loader_path/Frameworks";
				PRODUCT_BUNDLE_IDENTIFIER = "net.codecoop.Ouath-LoginUITests";
				PRODUCT_NAME = "$(TARGET_NAME)";
				TEST_TARGET_NAME = "Ouath Login";
				USES_XCTRUNNER = YES;
			};
			name = Debug;
		};
		3B626DFE1C62749E00770EF5 /* Release */ = {
			isa = XCBuildConfiguration;
			buildSettings = {
				INFOPLIST_FILE = "Ouath LoginUITests/Info.plist";
				LD_RUNPATH_SEARCH_PATHS = "$(inherited) @executable_path/Frameworks @loader_path/Frameworks";
				PRODUCT_BUNDLE_IDENTIFIER = "net.codecoop.Ouath-LoginUITests";
				PRODUCT_NAME = "$(TARGET_NAME)";
				TEST_TARGET_NAME = "Ouath Login";
				USES_XCTRUNNER = YES;
			};
			name = Release;
		};
/* End XCBuildConfiguration section */

/* Begin XCConfigurationList section */
		3B626DC61C62749E00770EF5 /* Build configuration list for PBXProject "Ouath Login" */ = {
			isa = XCConfigurationList;
			buildConfigurations = (
				3B626DF41C62749E00770EF5 /* Debug */,
				3B626DF51C62749E00770EF5 /* Release */,
			);
			defaultConfigurationIsVisible = 0;
			defaultConfigurationName = Release;
		};
		3B626DF61C62749E00770EF5 /* Build configuration list for PBXNativeTarget "Ouath Login" */ = {
			isa = XCConfigurationList;
			buildConfigurations = (
				3B626DF71C62749E00770EF5 /* Debug */,
				3B626DF81C62749E00770EF5 /* Release */,
			);
			defaultConfigurationIsVisible = 0;
		};
		3B626DF91C62749E00770EF5 /* Build configuration list for PBXNativeTarget "Ouath LoginTests" */ = {
			isa = XCConfigurationList;
			buildConfigurations = (
				3B626DFA1C62749E00770EF5 /* Debug */,
				3B626DFB1C62749E00770EF5 /* Release */,
			);
			defaultConfigurationIsVisible = 0;
		};
		3B626DFC1C62749E00770EF5 /* Build configuration list for PBXNativeTarget "Ouath LoginUITests" */ = {
			isa = XCConfigurationList;
			buildConfigurations = (
				3B626DFD1C62749E00770EF5 /* Debug */,
				3B626DFE1C62749E00770EF5 /* Release */,
			);
			defaultConfigurationIsVisible = 0;
		};
/* End XCConfigurationList section */

/* Begin XCVersionGroup section */
		3B626DD51C62749E00770EF5 /* Ouath_Login.xcdatamodeld */ = {
			isa = XCVersionGroup;
			children = (
				3B626DD61C62749E00770EF5 /* Ouath_Login.xcdatamodel */,
			);
			currentVersion = 3B626DD61C62749E00770EF5 /* Ouath_Login.xcdatamodel */;
			path = Ouath_Login.xcdatamodeld;
			sourceTree = "<group>";
			versionGroupType = wrapper.xcdatamodel;
		};
/* End XCVersionGroup section */
	};
	rootObject = 3B626DC31C62749E00770EF5 /* Project object */;
}
